
Microsoft Visual Studio Solution File, Format Version 12.00
# Visual Studio Version 16
VisualStudioVersion = 16.0.31112.23
MinimumVisualStudioVersion = 10.0.40219.1
Project("{9A19103F-16F7-4668-BE54-9A1E7A4F7556}") = "ClassificationApp", "ClassificationApp.csproj", "{7A562B60-ACAB-4B34-8C31-CCC72B48EA00}"
EndProject
Global
	GlobalSection(SolutionConfigurationPlatforms) = preSolution
		Debug|Any CPU = Debug|Any CPU
		Release|Any CPU = Release|Any CPU
	EndGlobalSection
	GlobalSection(ProjectConfigurationPlatforms) = postSolution
		{7A562B60-ACAB-4B34-8C31-CCC72B48EA00}.Debug|Any CPU.ActiveCfg = Debug|Any CPU
		{7A562B60-ACAB-4B34-8C31-CCC72B48EA00}.Debug|Any CPU.Build.0 = Debug|Any CPU
		{7A562B60-ACAB-4B34-8C31-CCC72B48EA00}.Release|Any CPU.ActiveCfg = Release|Any CPU
		{7A562B60-ACAB-4B34-8C31-CCC72B48EA00}.Release|Any CPU.Build.0 = Release|Any CPU
	EndGlobalSection
	GlobalSection(SolutionProperties) = preSolution
		HideSolutionNode = FALSE
	EndGlobalSection
	GlobalSection(ExtensibilityGlobals) = postSolution
		SolutionGuid = {6913F9FE-682C-4B9B-9864-775F28C96D54}
	EndGlobalSection
EndGlobal
